PODS:
  - BMSAnalyticsAPI (2.2.3)
  - BMSCore (2.3.5):
    - BMSAnalyticsAPI (~> 2.2)
  - CocoaAsyncSocket (7.6.3)
  - CocoaMQTT (1.1.3):
    - CocoaAsyncSocket (~> 7.6.3)
  - GoogleMaps (2.7.0):
    - GoogleMaps/Maps (= 2.7.0)
  - GoogleMaps/Base (2.7.0)
  - GoogleMaps/Maps (2.7.0):
    - GoogleMaps/Base
  - GooglePlaces (2.7.0):
    - GoogleMaps/Base (= 2.7.0)
  - SwiftCloudant (0.8.1-SNAPSHOT)
  - SwiftDate (5.0.13)
  - SwiftSpinner (1.5.0)
  - SwiftyJSON (4.2.0)
  - UPCarouselFlowLayout (1.1.2)

DEPENDENCIES:
  - BMSCore
  - CocoaMQTT
  - GoogleMaps
  - GooglePlaces
  - SwiftCloudant (from `https://github.com/cloudant/swift-cloudant.git`)
  - SwiftDate
  - SwiftSpinner (= 1.5)
  - SwiftyJSON
  - UPCarouselFlowLayout

SPEC REPOS:
  https://github.com/cocoapods/specs.git:
    - BMSAnalyticsAPI
    - BMSCore
    - CocoaAsyncSocket
    - CocoaMQTT
    - GoogleMaps
    - GooglePlaces
    - SwiftDate
    - SwiftSpinner
    - SwiftyJSON
    - UPCarouselFlowLayout

EXTERNAL SOURCES:
  SwiftCloudant:
    :git: https://github.com/cloudant/swift-cloudant.git

CHECKOUT OPTIONS:
  SwiftCloudant:
    :commit: e363c22e716e5967cb8c564b86c84fdee3360646
    :git: https://github.com/cloudant/swift-cloudant.git

SPEC CHECKSUMS:
  BMSAnalyticsAPI: d259379069bb11d2ff365bf5b796a2677dfc3849
  BMSCore: 446c16a7dbe14b5019751617a00dd947c65cca82
  CocoaAsyncSocket: eafaa68a7e0ec99ead0a7b35015e0bf25d2c8987
  CocoaMQTT: b506d38ad3bbe1c55a4f8ee8c9fd02c35da1a7d8
  GoogleMaps: f79af95cb24d869457b1f961c93d3ce8b2f3b848
  GooglePlaces: 3d06e6c99654545b4738ce49648745779c25f2ef
  SwiftCloudant: ccd1e8aaf92634b6782532467e8d270391d58eec
  SwiftDate: f4aea5fa9dee812485f34041121a4cbde01b0dee
  SwiftSpinner: 4c058c7a1d6b444dd2e1d70988ead40783097133
  SwiftyJSON: c4bcba26dd9ec7a027fc8eade48e2c911f229e96
  UPCarouselFlowLayout: 4c7d2c43a10ebb1597bde502a53699d378341dad

PODFILE CHECKSUM: cc34c3028d5ae3e39235a21be982d5dcbd896ed8

COCOAPODS: 1.5.3
