// !$*UTF8*$!
{
	archiveVersion = 1;
	classes = {
	};
	objectVersion = 46;
	objects = {

/* Begin PBXBuildFile section */
		5E6E385786F79373B9B58FBF /* Pods_IOTrace.framework in Frameworks */ = {isa = PBXBuildFile; fileRef = FA1C5BE4A773D6293E096406 /* Pods_IOTrace.framework */; };
		98EE2C391DABCCBD00B954F9 /* AppDelegate.swift in Sources */ = {isa = PBXBuildFile; fileRef = 98EE2C381DABCCBD00B954F9 /* AppDelegate.swift */; };
		98EE2C531DABCD9E00B954F9 /* Assets.xcassets in Resources */ = {isa = PBXBuildFile; fileRef = 98EE2C521DABCD9E00B954F9 /* Assets.xcassets */; };
		98EE2C5E1DABE64A00B954F9 /* LaunchScreen.storyboard in Resources */ = {isa = PBXBuildFile; fileRef = 98EE2C5C1DABE64A00B954F9 /* LaunchScreen.storyboard */; };
		98EE2C611DABE70400B954F9 /* Main.storyboard in Resources */ = {isa = PBXBuildFile; fileRef = 98EE2C5F1DABE70400B954F9 /* Main.storyboard */; };
		AC30331A1E38020600D43D5B /* ApplicationError.swift in Sources */ = {isa = PBXBuildFile; fileRef = AC3033191E38020600D43D5B /* ApplicationError.swift */; };
		BE8A3BCC21BE02AF00507DD6 /* DateControllerDelegate.swift in Sources */ = {isa = PBXBuildFile; fileRef = BE8A3BCB21BE02AE00507DD6 /* DateControllerDelegate.swift */; };
		BE8A3BD821BE0CE400507DD6 /* RoundView.swift in Sources */ = {isa = PBXBuildFile; fileRef = BE8A3BD221BE0CE400507DD6 /* RoundView.swift */; };
		BE8A3BD921BE0CE400507DD6 /* UIViewExtensions.swift in Sources */ = {isa = PBXBuildFile; fileRef = BE8A3BD421BE0CE400507DD6 /* UIViewExtensions.swift */; };
		BE8A3BDC21BE89C200507DD6 /* LuminanceGraphController.swift in Sources */ = {isa = PBXBuildFile; fileRef = BE8A3BDB21BE89C200507DD6 /* LuminanceGraphController.swift */; };
		BE8A3BDF21BEA89500507DD6 /* ArrayExtensions.swift in Sources */ = {isa = PBXBuildFile; fileRef = BE8A3BDE21BEA89500507DD6 /* ArrayExtensions.swift */; };
		BE8A3BE121BEB4EB00507DD6 /* MapControllerDelegate.swift in Sources */ = {isa = PBXBuildFile; fileRef = BE8A3BE021BEB4EB00507DD6 /* MapControllerDelegate.swift */; };
		BE8A3BE321BF02A700507DD6 /* style.json in Resources */ = {isa = PBXBuildFile; fileRef = BE8A3BE221BF02A700507DD6 /* style.json */; };
		BEB9061921BAF482003250AF /* MainContainerController.swift in Sources */ = {isa = PBXBuildFile; fileRef = BEB9061821BAF482003250AF /* MainContainerController.swift */; };
		BEB9061B21BAF4DE003250AF /* MapViewController.swift in Sources */ = {isa = PBXBuildFile; fileRef = BEB9061A21BAF4DE003250AF /* MapViewController.swift */; };
		BEB9061E21BAF53D003250AF /* DateAggregator.swift in Sources */ = {isa = PBXBuildFile; fileRef = BEB9061D21BAF53D003250AF /* DateAggregator.swift */; };
		BEB9062121BAF55E003250AF /* IOTPEvent.swift in Sources */ = {isa = PBXBuildFile; fileRef = BEB9062021BAF55E003250AF /* IOTPEvent.swift */; };
		BEB9062321BAF602003250AF /* LocationEvent.swift in Sources */ = {isa = PBXBuildFile; fileRef = BEB9062221BAF602003250AF /* LocationEvent.swift */; };
		BEB9062521BAF696003250AF /* LuminanceEvent.swift in Sources */ = {isa = PBXBuildFile; fileRef = BEB9062421BAF696003250AF /* LuminanceEvent.swift */; };
		BEB9062821BB17A4003250AF /* Credentials.swift in Sources */ = {isa = PBXBuildFile; fileRef = BEB9062721BB17A4003250AF /* Credentials.swift */; };
		BEB9062B21BB1C40003250AF /* MQTTManager.swift in Sources */ = {isa = PBXBuildFile; fileRef = BEB9062A21BB1C40003250AF /* MQTTManager.swift */; };
		BEB9062D21BB4305003250AF /* IOTPDevice.swift in Sources */ = {isa = PBXBuildFile; fileRef = BEB9062C21BB4305003250AF /* IOTPDevice.swift */; };
		BEB9063021BC6A83003250AF /* CloudantDB.swift in Sources */ = {isa = PBXBuildFile; fileRef = BEB9062F21BC6A83003250AF /* CloudantDB.swift */; };
		BEB9063321BDBC23003250AF /* Colors.swift in Sources */ = {isa = PBXBuildFile; fileRef = BEB9063221BDBC23003250AF /* Colors.swift */; };
		BEB9063521BDBDED003250AF /* LocationInterval.swift in Sources */ = {isa = PBXBuildFile; fileRef = BEB9063421BDBDED003250AF /* LocationInterval.swift */; };
		BEB9063821BDC60A003250AF /* FortalezaLocation.gpx in Resources */ = {isa = PBXBuildFile; fileRef = BEB9063721BDC60A003250AF /* FortalezaLocation.gpx */; };
		BEB9063A21BDDB7E003250AF /* DateCollectionController.swift in Sources */ = {isa = PBXBuildFile; fileRef = BEB9063921BDDB7E003250AF /* DateCollectionController.swift */; };
		E3D187F0202CB90100E41D1D /* CloudantViewModel.swift in Sources */ = {isa = PBXBuildFile; fileRef = E3D187EF202CB90100E41D1D /* CloudantViewModel.swift */; };
		E5D9E2C506F04DA1BD1035D8 /* BMSCredentials.plist in Resources */ = {isa = PBXBuildFile; fileRef = EC515349498F4131BCB64321 /* BMSCredentials.plist */; };
/* End PBXBuildFile section */

/* Begin PBXFileReference section */
		1AFE8C0E5B5FC41FBA4B5EC2 /* Pods-IOTrace.debug.xcconfig */ = {isa = PBXFileReference; includeInIndex = 1; lastKnownFileType = text.xcconfig; name = "Pods-IOTrace.debug.xcconfig"; path = "Pods/Target Support Files/Pods-IOTrace/Pods-IOTrace.debug.xcconfig"; sourceTree = "<group>"; };
		555C91A81D0F0731003E84E3 /* IOTrace.app */ = {isa = PBXFileReference; explicitFileType = wrapper.application; includeInIndex = 0; path = IOTrace.app; sourceTree = BUILT_PRODUCTS_DIR; };
		98EE2C381DABCCBD00B954F9 /* AppDelegate.swift */ = {isa = PBXFileReference; fileEncoding = 4; lastKnownFileType = sourcecode.swift; name = AppDelegate.swift; path = IOTrace/AppDelegate.swift; sourceTree = SOURCE_ROOT; };
		98EE2C421DABCCD100B954F9 /* Info.plist */ = {isa = PBXFileReference; fileEncoding = 4; lastKnownFileType = text.plist.xml; name = Info.plist; path = IOTrace/Info.plist; sourceTree = SOURCE_ROOT; };
		98EE2C521DABCD9E00B954F9 /* Assets.xcassets */ = {isa = PBXFileReference; lastKnownFileType = folder.assetcatalog; name = Assets.xcassets; path = IOTrace/Design/Assets.xcassets; sourceTree = SOURCE_ROOT; };
		98EE2C5D1DABE64A00B954F9 /* Base */ = {isa = PBXFileReference; lastKnownFileType = file.storyboard; name = Base; path = IOTrace/Base.lproj/LaunchScreen.storyboard; sourceTree = SOURCE_ROOT; };
		98EE2C601DABE70400B954F9 /* Base */ = {isa = PBXFileReference; lastKnownFileType = file.storyboard; name = Base; path = IOTrace/Base.lproj/Main.storyboard; sourceTree = SOURCE_ROOT; };
		AC3033191E38020600D43D5B /* ApplicationError.swift */ = {isa = PBXFileReference; fileEncoding = 4; lastKnownFileType = sourcecode.swift; path = ApplicationError.swift; sourceTree = "<group>"; };
		BE8A3BCB21BE02AE00507DD6 /* DateControllerDelegate.swift */ = {isa = PBXFileReference; lastKnownFileType = sourcecode.swift; path = DateControllerDelegate.swift; sourceTree = "<group>"; };
		BE8A3BD221BE0CE400507DD6 /* RoundView.swift */ = {isa = PBXFileReference; fileEncoding = 4; lastKnownFileType = sourcecode.swift; path = RoundView.swift; sourceTree = "<group>"; };
		BE8A3BD421BE0CE400507DD6 /* UIViewExtensions.swift */ = {isa = PBXFileReference; fileEncoding = 4; lastKnownFileType = sourcecode.swift; path = UIViewExtensions.swift; sourceTree = "<group>"; };
		BE8A3BDB21BE89C200507DD6 /* LuminanceGraphController.swift */ = {isa = PBXFileReference; lastKnownFileType = sourcecode.swift; path = LuminanceGraphController.swift; sourceTree = "<group>"; };
		BE8A3BDE21BEA89500507DD6 /* ArrayExtensions.swift */ = {isa = PBXFileReference; lastKnownFileType = sourcecode.swift; path = ArrayExtensions.swift; sourceTree = "<group>"; };
		BE8A3BE021BEB4EB00507DD6 /* MapControllerDelegate.swift */ = {isa = PBXFileReference; lastKnownFileType = sourcecode.swift; path = MapControllerDelegate.swift; sourceTree = "<group>"; };
		BE8A3BE221BF02A700507DD6 /* style.json */ = {isa = PBXFileReference; lastKnownFileType = text.json; path = style.json; sourceTree = "<group>"; };
		BEB9061821BAF482003250AF /* MainContainerController.swift */ = {isa = PBXFileReference; lastKnownFileType = sourcecode.swift; path = MainContainerController.swift; sourceTree = "<group>"; };
		BEB9061A21BAF4DE003250AF /* MapViewController.swift */ = {isa = PBXFileReference; lastKnownFileType = sourcecode.swift; path = MapViewController.swift; sourceTree = "<group>"; };
		BEB9061D21BAF53D003250AF /* DateAggregator.swift */ = {isa = PBXFileReference; lastKnownFileType = sourcecode.swift; path = DateAggregator.swift; sourceTree = "<group>"; };
		BEB9062021BAF55E003250AF /* IOTPEvent.swift */ = {isa = PBXFileReference; lastKnownFileType = sourcecode.swift; path = IOTPEvent.swift; sourceTree = "<group>"; };
		BEB9062221BAF602003250AF /* LocationEvent.swift */ = {isa = PBXFileReference; lastKnownFileType = sourcecode.swift; path = LocationEvent.swift; sourceTree = "<group>"; };
		BEB9062421BAF696003250AF /* LuminanceEvent.swift */ = {isa = PBXFileReference; lastKnownFileType = sourcecode.swift; path = LuminanceEvent.swift; sourceTree = "<group>"; };
		BEB9062721BB17A4003250AF /* Credentials.swift */ = {isa = PBXFileReference; lastKnownFileType = sourcecode.swift; path = Credentials.swift; sourceTree = "<group>"; };
		BEB9062A21BB1C40003250AF /* MQTTManager.swift */ = {isa = PBXFileReference; lastKnownFileType = sourcecode.swift; path = MQTTManager.swift; sourceTree = "<group>"; };
		BEB9062C21BB4305003250AF /* IOTPDevice.swift */ = {isa = PBXFileReference; lastKnownFileType = sourcecode.swift; path = IOTPDevice.swift; sourceTree = "<group>"; };
		BEB9062F21BC6A83003250AF /* CloudantDB.swift */ = {isa = PBXFileReference; lastKnownFileType = sourcecode.swift; path = CloudantDB.swift; sourceTree = "<group>"; };
		BEB9063221BDBC23003250AF /* Colors.swift */ = {isa = PBXFileReference; lastKnownFileType = sourcecode.swift; path = Colors.swift; sourceTree = "<group>"; };
		BEB9063421BDBDED003250AF /* LocationInterval.swift */ = {isa = PBXFileReference; lastKnownFileType = sourcecode.swift; path = LocationInterval.swift; sourceTree = "<group>"; };
		BEB9063721BDC60A003250AF /* FortalezaLocation.gpx */ = {isa = PBXFileReference; lastKnownFileType = text.xml; path = FortalezaLocation.gpx; sourceTree = "<group>"; };
		BEB9063921BDDB7E003250AF /* DateCollectionController.swift */ = {isa = PBXFileReference; lastKnownFileType = sourcecode.swift; path = DateCollectionController.swift; sourceTree = "<group>"; };
		D08B9A7496D4B743BDD8AACD /* Pods-IOTrace.release.xcconfig */ = {isa = PBXFileReference; includeInIndex = 1; lastKnownFileType = text.xcconfig; name = "Pods-IOTrace.release.xcconfig"; path = "Pods/Target Support Files/Pods-IOTrace/Pods-IOTrace.release.xcconfig"; sourceTree = "<group>"; };
		E3659B3F2034C21900601F81 /* IOTraceUITests.swift */ = {isa = PBXFileReference; lastKnownFileType = sourcecode.swift; path = IOTraceUITests.swift; sourceTree = "<group>"; };
		E3659B412034C21900601F81 /* Info.plist */ = {isa = PBXFileReference; lastKnownFileType = text.plist.xml; path = Info.plist; sourceTree = "<group>"; };
		E3659B4D2034C22500601F81 /* IOTraceTests.swift */ = {isa = PBXFileReference; lastKnownFileType = sourcecode.swift; path = IOTraceTests.swift; sourceTree = "<group>"; };
		E3659B4F2034C22500601F81 /* Info.plist */ = {isa = PBXFileReference; lastKnownFileType = text.plist.xml; path = Info.plist; sourceTree = "<group>"; };
		E3D187EF202CB90100E41D1D /* CloudantViewModel.swift */ = {isa = PBXFileReference; fileEncoding = 4; lastKnownFileType = sourcecode.swift; path = CloudantViewModel.swift; sourceTree = "<group>"; };
		EC515349498F4131BCB64321 /* BMSCredentials.plist */ = {isa = PBXFileReference; fileEncoding = 4; lastKnownFileType = text.plist.xml; path = BMSCredentials.plist; sourceTree = "<group>"; };
		FA1C5BE4A773D6293E096406 /* Pods_IOTrace.framework */ = {isa = PBXFileReference; explicitFileType = wrapper.framework; includeInIndex = 0; path = Pods_IOTrace.framework; sourceTree = BUILT_PRODUCTS_DIR; };
/* End PBXFileReference section */

/* Begin PBXFrameworksBuildPhase section */
		555C91A51D0F0731003E84E3 /* Frameworks */ = {
			isa = PBXFrameworksBuildPhase;
			buildActionMask = 2147483647;
			files = (
				5E6E385786F79373B9B58FBF /* Pods_IOTrace.framework in Frameworks */,
			);
			runOnlyForDeploymentPostprocessing = 0;
		};
/* End PBXFrameworksBuildPhase section */

/* Begin PBXGroup section */
		545C9DD4D3D79A706E9BC9CE /* Frameworks */ = {
			isa = PBXGroup;
			children = (
				FA1C5BE4A773D6293E096406 /* Pods_IOTrace.framework */,
			);
			name = Frameworks;
			sourceTree = "<group>";
		};
		555C919F1D0F0731003E84E3 = {
			isa = PBXGroup;
			children = (
				555C91AA1D0F0731003E84E3 /* IOTrace */,
				E3659B3E2034C21900601F81 /* IOTraceUITests */,
				E3659B4C2034C22500601F81 /* IOTraceTests */,
				555C91A91D0F0731003E84E3 /* Products */,
				A4160B77D037FA5B9F790955 /* Pods */,
				545C9DD4D3D79A706E9BC9CE /* Frameworks */,
			);
			sourceTree = "<group>";
		};
		555C91A91D0F0731003E84E3 /* Products */ = {
			isa = PBXGroup;
			children = (
				555C91A81D0F0731003E84E3 /* IOTrace.app */,
			);
			name = Products;
			sourceTree = "<group>";
		};
		555C91AA1D0F0731003E84E3 /* IOTrace */ = {
			isa = PBXGroup;
			children = (
				BE8A3BDD21BEA88800507DD6 /* Utils */,
				98EE2C381DABCCBD00B954F9 /* AppDelegate.swift */,
				98EE2C5C1DABE64A00B954F9 /* LaunchScreen.storyboard */,
				98EE2C5F1DABE70400B954F9 /* Main.storyboard */,
				98EE2C421DABCCD100B954F9 /* Info.plist */,
				BEB9063621BDC535003250AF /* Connectivity */,
				BEB9063121BDBC17003250AF /* Design */,
				BEB9061C21BAF50F003250AF /* Models */,
				BEB9061721BAF46C003250AF /* Controllers */,
			);
			path = IOTrace;
			sourceTree = "<group>";
		};
		A4160B77D037FA5B9F790955 /* Pods */ = {
			isa = PBXGroup;
			children = (
				1AFE8C0E5B5FC41FBA4B5EC2 /* Pods-IOTrace.debug.xcconfig */,
				D08B9A7496D4B743BDD8AACD /* Pods-IOTrace.release.xcconfig */,
			);
			name = Pods;
			sourceTree = "<group>";
		};
		BE8A3BCF21BE0CE400507DD6 /* Custom Views */ = {
			isa = PBXGroup;
			children = (
				BE8A3BD221BE0CE400507DD6 /* RoundView.swift */,
				BE8A3BD421BE0CE400507DD6 /* UIViewExtensions.swift */,
			);
			path = "Custom Views";
			sourceTree = "<group>";
		};
		BE8A3BDD21BEA88800507DD6 /* Utils */ = {
			isa = PBXGroup;
			children = (
				BE8A3BDE21BEA89500507DD6 /* ArrayExtensions.swift */,
			);
			path = Utils;
			sourceTree = "<group>";
		};
		BEB9061721BAF46C003250AF /* Controllers */ = {
			isa = PBXGroup;
			children = (
				BEB9061821BAF482003250AF /* MainContainerController.swift */,
				BEB9061A21BAF4DE003250AF /* MapViewController.swift */,
				BE8A3BE021BEB4EB00507DD6 /* MapControllerDelegate.swift */,
				BEB9063921BDDB7E003250AF /* DateCollectionController.swift */,
				BE8A3BCB21BE02AE00507DD6 /* DateControllerDelegate.swift */,
				BE8A3BDB21BE89C200507DD6 /* LuminanceGraphController.swift */,
			);
			path = Controllers;
			sourceTree = "<group>";
		};
		BEB9061C21BAF50F003250AF /* Models */ = {
			isa = PBXGroup;
			children = (
				BEB9062E21BC67F9003250AF /* Cloudant */,
				BEB9061F21BAF549003250AF /* IOTP */,
				BEB9063421BDBDED003250AF /* LocationInterval.swift */,
				BEB9061D21BAF53D003250AF /* DateAggregator.swift */,
			);
			path = Models;
			sourceTree = "<group>";
		};
		BEB9061F21BAF549003250AF /* IOTP */ = {
			isa = PBXGroup;
			children = (
				BEB9062021BAF55E003250AF /* IOTPEvent.swift */,
				BEB9062221BAF602003250AF /* LocationEvent.swift */,
				BEB9062421BAF696003250AF /* LuminanceEvent.swift */,
				BEB9062C21BB4305003250AF /* IOTPDevice.swift */,
			);
			path = IOTP;
			sourceTree = "<group>";
		};
		BEB9062621BB175C003250AF /* Credentials */ = {
			isa = PBXGroup;
			children = (
				EC515349498F4131BCB64321 /* BMSCredentials.plist */,
				BEB9062721BB17A4003250AF /* Credentials.swift */,
			);
			path = Credentials;
			sourceTree = "<group>";
		};
		BEB9062921BB1C2F003250AF /* MQTT */ = {
			isa = PBXGroup;
			children = (
				BEB9062621BB175C003250AF /* Credentials */,
				BEB9062A21BB1C40003250AF /* MQTTManager.swift */,
			);
			path = MQTT;
			sourceTree = "<group>";
		};
		BEB9062E21BC67F9003250AF /* Cloudant */ = {
			isa = PBXGroup;
			children = (
				BEB9062F21BC6A83003250AF /* CloudantDB.swift */,
			);
			path = Cloudant;
			sourceTree = "<group>";
		};
		BEB9063121BDBC17003250AF /* Design */ = {
			isa = PBXGroup;
			children = (
				BE8A3BCF21BE0CE400507DD6 /* Custom Views */,
				98EE2C521DABCD9E00B954F9 /* Assets.xcassets */,
				BEB9063221BDBC23003250AF /* Colors.swift */,
				BEB9063721BDC60A003250AF /* FortalezaLocation.gpx */,
				BE8A3BE221BF02A700507DD6 /* style.json */,
			);
			path = Design;
			sourceTree = "<group>";
		};
		BEB9063621BDC535003250AF /* Connectivity */ = {
			isa = PBXGroup;
			children = (
				E3D187EF202CB90100E41D1D /* CloudantViewModel.swift */,
				AC3033191E38020600D43D5B /* ApplicationError.swift */,
				BEB9062921BB1C2F003250AF /* MQTT */,
			);
			path = Connectivity;
			sourceTree = "<group>";
		};
		E3659B3E2034C21900601F81 /* IOTraceUITests */ = {
			isa = PBXGroup;
			children = (
				E3659B3F2034C21900601F81 /* IOTraceUITests.swift */,
				E3659B412034C21900601F81 /* Info.plist */,
			);
			path = IOTraceUITests;
			sourceTree = "<group>";
		};
		E3659B4C2034C22500601F81 /* IOTraceTests */ = {
			isa = PBXGroup;
			children = (
				E3659B4D2034C22500601F81 /* IOTraceTests.swift */,
				E3659B4F2034C22500601F81 /* Info.plist */,
			);
			path = IOTraceTests;
			sourceTree = "<group>";
		};
/* End PBXGroup section */

/* Begin PBXNativeTarget section */
		555C91A71D0F0731003E84E3 /* IOTrace */ = {
			isa = PBXNativeTarget;
			buildConfigurationList = 555C91D01D0F0731003E84E3 /* Build configuration list for PBXNativeTarget "IOTrace" */;
			buildPhases = (
				E48551C04942F6AAA79A91F5 /* [CP] Check Pods Manifest.lock */,
				555C91A41D0F0731003E84E3 /* Sources */,
				555C91A51D0F0731003E84E3 /* Frameworks */,
				555C91A61D0F0731003E84E3 /* Resources */,
				7A8D7333F6565346A25DF969 /* [CP] Embed Pods Frameworks */,
				F322D4EF059899AB6A0EC208 /* [CP] Copy Pods Resources */,
			);
			buildRules = (
			);
			dependencies = (
			);
			name = IOTrace;
			productName = IOTrace;
			productReference = 555C91A81D0F0731003E84E3 /* IOTrace.app */;
			productType = "com.apple.product-type.application";
		};
/* End PBXNativeTarget section */

/* Begin PBXProject section */
		555C91A01D0F0731003E84E3 /* Project object */ = {
			isa = PBXProject;
			attributes = {
				LastSwiftUpdateCheck = 0920;
				LastUpgradeCheck = 0920;
				ORGANIZATIONNAME = IBM;
				TargetAttributes = {
					555C91A71D0F0731003E84E3 = {
						CreatedOnToolsVersion = 7.3.1;
						DevelopmentTeam = 5FMB4K7553;
						LastSwiftMigration = 1010;
						SystemCapabilities = {
							com.apple.BackgroundModes = {
								enabled = 1;
							};
						};
					};
				};
			};
			buildConfigurationList = 555C91A31D0F0731003E84E3 /* Build configuration list for PBXProject "IOTrace" */;
			compatibilityVersion = "Xcode 3.2";
			developmentRegion = English;
			hasScannedForEncodings = 0;
			knownRegions = (
				en,
				Base,
			);
			mainGroup = 555C919F1D0F0731003E84E3;
			productRefGroup = 555C91A91D0F0731003E84E3 /* Products */;
			projectDirPath = "";
			projectRoot = "";
			targets = (
				555C91A71D0F0731003E84E3 /* IOTrace */,
			);
		};
/* End PBXProject section */

/* Begin PBXResourcesBuildPhase section */
		555C91A61D0F0731003E84E3 /* Resources */ = {
			isa = PBXResourcesBuildPhase;
			buildActionMask = 2147483647;
			files = (
				E5D9E2C506F04DA1BD1035D8 /* BMSCredentials.plist in Resources */,
				98EE2C611DABE70400B954F9 /* Main.storyboard in Resources */,
				BEB9063821BDC60A003250AF /* FortalezaLocation.gpx in Resources */,
				BE8A3BE321BF02A700507DD6 /* style.json in Resources */,
				98EE2C531DABCD9E00B954F9 /* Assets.xcassets in Resources */,
				98EE2C5E1DABE64A00B954F9 /* LaunchScreen.storyboard in Resources */,
			);
			runOnlyForDeploymentPostprocessing = 0;
		};
/* End PBXResourcesBuildPhase section */

/* Begin PBXShellScriptBuildPhase section */
		7A8D7333F6565346A25DF969 /* [CP] Embed Pods Frameworks */ = {
			isa = PBXShellScriptBuildPhase;
			buildActionMask = 2147483647;
			files = (
			);
			inputPaths = (
				"${SRCROOT}/Pods/Target Support Files/Pods-IOTrace/Pods-IOTrace-frameworks.sh",
				"${BUILT_PRODUCTS_DIR}/BMSAnalyticsAPI/BMSAnalyticsAPI.framework",
				"${BUILT_PRODUCTS_DIR}/BMSCore/BMSCore.framework",
				"${BUILT_PRODUCTS_DIR}/CocoaAsyncSocket/CocoaAsyncSocket.framework",
				"${BUILT_PRODUCTS_DIR}/CocoaMQTT/CocoaMQTT.framework",
				"${BUILT_PRODUCTS_DIR}/ScrollableGraphView/ScrollableGraphView.framework",
				"${BUILT_PRODUCTS_DIR}/SwiftCloudant/SwiftCloudant.framework",
				"${BUILT_PRODUCTS_DIR}/SwiftDate/SwiftDate.framework",
				"${BUILT_PRODUCTS_DIR}/SwiftyJSON/SwiftyJSON.framework",
				"${BUILT_PRODUCTS_DIR}/UPCarouselFlowLayout/UPCarouselFlowLayout.framework",
			);
			name = "[CP] Embed Pods Frameworks";
			outputPaths = (
				"${TARGET_BUILD_DIR}/${FRAMEWORKS_FOLDER_PATH}/BMSAnalyticsAPI.framework",
				"${TARGET_BUILD_DIR}/${FRAMEWORKS_FOLDER_PATH}/BMSCore.framework",
				"${TARGET_BUILD_DIR}/${FRAMEWORKS_FOLDER_PATH}/CocoaAsyncSocket.framework",
				"${TARGET_BUILD_DIR}/${FRAMEWORKS_FOLDER_PATH}/CocoaMQTT.framework",
				"${TARGET_BUILD_DIR}/${FRAMEWORKS_FOLDER_PATH}/ScrollableGraphView.framework",
				"${TARGET_BUILD_DIR}/${FRAMEWORKS_FOLDER_PATH}/SwiftCloudant.framework",
				"${TARGET_BUILD_DIR}/${FRAMEWORKS_FOLDER_PATH}/SwiftDate.framework",
				"${TARGET_BUILD_DIR}/${FRAMEWORKS_FOLDER_PATH}/SwiftyJSON.framework",
				"${TARGET_BUILD_DIR}/${FRAMEWORKS_FOLDER_PATH}/UPCarouselFlowLayout.framework",
			);
			runOnlyForDeploymentPostprocessing = 0;
			shellPath = /bin/sh;
			shellScript = "\"${SRCROOT}/Pods/Target Support Files/Pods-IOTrace/Pods-IOTrace-frameworks.sh\"\n";
			showEnvVarsInLog = 0;
		};
		E48551C04942F6AAA79A91F5 /* [CP] Check Pods Manifest.lock */ = {
			isa = PBXShellScriptBuildPhase;
			buildActionMask = 2147483647;
			files = (
			);
			inputPaths = (
				"${PODS_PODFILE_DIR_PATH}/Podfile.lock",
				"${PODS_ROOT}/Manifest.lock",
			);
			name = "[CP] Check Pods Manifest.lock";
			outputPaths = (
				"$(DERIVED_FILE_DIR)/Pods-IOTrace-checkManifestLockResult.txt",
			);
			runOnlyForDeploymentPostprocessing = 0;
			shellPath = /bin/sh;
			shellScript = "diff \"${PODS_PODFILE_DIR_PATH}/Podfile.lock\" \"${PODS_ROOT}/Manifest.lock\" > /dev/null\nif [ $? != 0 ] ; then\n    # print error to STDERR\n    echo \"error: The sandbox is not in sync with the Podfile.lock. Run 'pod install' or update your CocoaPods installation.\" >&2\n    exit 1\nfi\n# This output is used by Xcode 'outputs' to avoid re-running this script phase.\necho \"SUCCESS\" > \"${SCRIPT_OUTPUT_FILE_0}\"\n";
			showEnvVarsInLog = 0;
		};
		F322D4EF059899AB6A0EC208 /* [CP] Copy Pods Resources */ = {
			isa = PBXShellScriptBuildPhase;
			buildActionMask = 2147483647;
			files = (
			);
			inputFileListPaths = (
			);
			inputPaths = (
				"${SRCROOT}/Pods/Target Support Files/Pods-IOTrace/Pods-IOTrace-resources.sh",
				"${PODS_ROOT}/GoogleMaps/Maps/Frameworks/GoogleMaps.framework/Resources/GoogleMaps.bundle",
			);
			name = "[CP] Copy Pods Resources";
			outputFileListPaths = (
			);
			outputPaths = (
				"${TARGET_BUILD_DIR}/${UNLOCALIZED_RESOURCES_FOLDER_PATH}/GoogleMaps.bundle",
			);
			runOnlyForDeploymentPostprocessing = 0;
			shellPath = /bin/sh;
			shellScript = "\"${SRCROOT}/Pods/Target Support Files/Pods-IOTrace/Pods-IOTrace-resources.sh\"\n";
			showEnvVarsInLog = 0;
		};
/* End PBXShellScriptBuildPhase section */

/* Begin PBXSourcesBuildPhase section */
		555C91A41D0F0731003E84E3 /* Sources */ = {
			isa = PBXSourcesBuildPhase;
			buildActionMask = 2147483647;
			files = (
				BE8A3BCC21BE02AF00507DD6 /* DateControllerDelegate.swift in Sources */,
				BE8A3BD921BE0CE400507DD6 /* UIViewExtensions.swift in Sources */,
				BEB9063521BDBDED003250AF /* LocationInterval.swift in Sources */,
				BE8A3BE121BEB4EB00507DD6 /* MapControllerDelegate.swift in Sources */,
				E3D187F0202CB90100E41D1D /* CloudantViewModel.swift in Sources */,
				BEB9063321BDBC23003250AF /* Colors.swift in Sources */,
				BEB9062D21BB4305003250AF /* IOTPDevice.swift in Sources */,
				AC30331A1E38020600D43D5B /* ApplicationError.swift in Sources */,
				BEB9062821BB17A4003250AF /* Credentials.swift in Sources */,
				BEB9062121BAF55E003250AF /* IOTPEvent.swift in Sources */,
				BE8A3BD821BE0CE400507DD6 /* RoundView.swift in Sources */,
				BEB9063A21BDDB7E003250AF /* DateCollectionController.swift in Sources */,
				BEB9062521BAF696003250AF /* LuminanceEvent.swift in Sources */,
				BEB9061E21BAF53D003250AF /* DateAggregator.swift in Sources */,
				98EE2C391DABCCBD00B954F9 /* AppDelegate.swift in Sources */,
				BEB9063021BC6A83003250AF /* CloudantDB.swift in Sources */,
				BEB9062321BAF602003250AF /* LocationEvent.swift in Sources */,
				BE8A3BDF21BEA89500507DD6 /* ArrayExtensions.swift in Sources */,
				BEB9061921BAF482003250AF /* MainContainerController.swift in Sources */,
				BEB9061B21BAF4DE003250AF /* MapViewController.swift in Sources */,
				BEB9062B21BB1C40003250AF /* MQTTManager.swift in Sources */,
				BE8A3BDC21BE89C200507DD6 /* LuminanceGraphController.swift in Sources */,
			);
			runOnlyForDeploymentPostprocessing = 0;
		};
/* End PBXSourcesBuildPhase section */

/* Begin PBXVariantGroup section */
		98EE2C5C1DABE64A00B954F9 /* LaunchScreen.storyboard */ = {
			isa = PBXVariantGroup;
			children = (
				98EE2C5D1DABE64A00B954F9 /* Base */,
			);
			name = LaunchScreen.storyboard;
			sourceTree = "<group>";
		};
		98EE2C5F1DABE70400B954F9 /* Main.storyboard */ = {
			isa = PBXVariantGroup;
			children = (
				98EE2C601DABE70400B954F9 /* Base */,
			);
			name = Main.storyboard;
			sourceTree = "<group>";
		};
/* End PBXVariantGroup section */

/* Begin XCBuildConfiguration section */
		555C91CE1D0F0731003E84E3 /* Debug */ = {
			isa = XCBuildConfiguration;
			buildSettings = {
				ALWAYS_SEARCH_USER_PATHS = NO;
				CLANG_ANALYZER_NONNULL = YES;
				CLANG_CXX_LANGUAGE_STANDARD = "gnu++0x";
				CLANG_CXX_LIBRARY = "libc++";
				CLANG_ENABLE_MODULES = YES;
				CLANG_ENABLE_OBJC_ARC = YES;
				CLANG_WARN_BLOCK_CAPTURE_AUTORELEASING = YES;
				CLANG_WARN_BOOL_CONVERSION = YES;
				CLANG_WARN_COMMA = YES;
				CLANG_WARN_CONSTANT_CONVERSION = YES;
				CLANG_WARN_DIRECT_OBJC_ISA_USAGE = YES_ERROR;
				CLANG_WARN_EMPTY_BODY = YES;
				CLANG_WARN_ENUM_CONVERSION = YES;
				CLANG_WARN_INFINITE_RECURSION = YES;
				CLANG_WARN_INT_CONVERSION = YES;
				CLANG_WARN_NON_LITERAL_NULL_CONVERSION = YES;
				CLANG_WARN_OBJC_LITERAL_CONVERSION = YES;
				CLANG_WARN_OBJC_ROOT_CLASS = YES_ERROR;
				CLANG_WARN_RANGE_LOOP_ANALYSIS = YES;
				CLANG_WARN_STRICT_PROTOTYPES = YES;
				CLANG_WARN_SUSPICIOUS_MOVE = YES;
				CLANG_WARN_UNREACHABLE_CODE = YES;
				CLANG_WARN__DUPLICATE_METHOD_MATCH = YES;
				"CODE_SIGN_IDENTITY[sdk=iphoneos*]" = "iPhone Developer";
				COPY_PHASE_STRIP = NO;
				DEBUG_INFORMATION_FORMAT = dwarf;
				ENABLE_STRICT_OBJC_MSGSEND = YES;
				ENABLE_TESTABILITY = YES;
				GCC_C_LANGUAGE_STANDARD = gnu99;
				GCC_DYNAMIC_NO_PIC = NO;
				GCC_NO_COMMON_BLOCKS = YES;
				GCC_OPTIMIZATION_LEVEL = 0;
				GCC_PREPROCESSOR_DEFINITIONS = (
					"DEBUG=1",
					"$(inherited)",
				);
				GCC_WARN_64_TO_32_BIT_CONVERSION = YES;
				GCC_WARN_ABOUT_RETURN_TYPE = YES_ERROR;
				GCC_WARN_UNDECLARED_SELECTOR = YES;
				GCC_WARN_UNINITIALIZED_AUTOS = YES_AGGRESSIVE;
				GCC_WARN_UNUSED_FUNCTION = YES;
				GCC_WARN_UNUSED_VARIABLE = YES;
				IPHONEOS_DEPLOYMENT_TARGET = 9.3;
				MTL_ENABLE_DEBUG_INFO = YES;
				ONLY_ACTIVE_ARCH = YES;
				PRODUCT_NAME = Cloudant;
				SDKROOT = iphoneos;
				SWIFT_OPTIMIZATION_LEVEL = "-Onone";
				SWIFT_SWIFT3_OBJC_INFERENCE = Off;
				TARGETED_DEVICE_FAMILY = "1,2";
			};
			name = Debug;
		};
		555C91CF1D0F0731003E84E3 /* Release */ = {
			isa = XCBuildConfiguration;
			buildSettings = {
				ALWAYS_SEARCH_USER_PATHS = NO;
				CLANG_ANALYZER_NONNULL = YES;
				CLANG_CXX_LANGUAGE_STANDARD = "gnu++0x";
				CLANG_CXX_LIBRARY = "libc++";
				CLANG_ENABLE_MODULES = YES;
				CLANG_ENABLE_OBJC_ARC = YES;
				CLANG_WARN_BLOCK_CAPTURE_AUTORELEASING = YES;
				CLANG_WARN_BOOL_CONVERSION = YES;
				CLANG_WARN_COMMA = YES;
				CLANG_WARN_CONSTANT_CONVERSION = YES;
				CLANG_WARN_DIRECT_OBJC_ISA_USAGE = YES_ERROR;
				CLANG_WARN_EMPTY_BODY = YES;
				CLANG_WARN_ENUM_CONVERSION = YES;
				CLANG_WARN_INFINITE_RECURSION = YES;
				CLANG_WARN_INT_CONVERSION = YES;
				CLANG_WARN_NON_LITERAL_NULL_CONVERSION = YES;
				CLANG_WARN_OBJC_LITERAL_CONVERSION = YES;
				CLANG_WARN_OBJC_ROOT_CLASS = YES_ERROR;
				CLANG_WARN_RANGE_LOOP_ANALYSIS = YES;
				CLANG_WARN_STRICT_PROTOTYPES = YES;
				CLANG_WARN_SUSPICIOUS_MOVE = YES;
				CLANG_WARN_UNREACHABLE_CODE = YES;
				CLANG_WARN__DUPLICATE_METHOD_MATCH = YES;
				"CODE_SIGN_IDENTITY[sdk=iphoneos*]" = "iPhone Developer";
				COPY_PHASE_STRIP = NO;
				DEBUG_INFORMATION_FORMAT = "dwarf-with-dsym";
				ENABLE_NS_ASSERTIONS = NO;
				ENABLE_STRICT_OBJC_MSGSEND = YES;
				GCC_C_LANGUAGE_STANDARD = gnu99;
				GCC_NO_COMMON_BLOCKS = YES;
				GCC_WARN_64_TO_32_BIT_CONVERSION = YES;
				GCC_WARN_ABOUT_RETURN_TYPE = YES_ERROR;
				GCC_WARN_UNDECLARED_SELECTOR = YES;
				GCC_WARN_UNINITIALIZED_AUTOS = YES_AGGRESSIVE;
				GCC_WARN_UNUSED_FUNCTION = YES;
				GCC_WARN_UNUSED_VARIABLE = YES;
				IPHONEOS_DEPLOYMENT_TARGET = 9.3;
				MTL_ENABLE_DEBUG_INFO = NO;
				PRODUCT_NAME = Cloudant;
				SDKROOT = iphoneos;
				SWIFT_OPTIMIZATION_LEVEL = "-Owholemodule";
				SWIFT_SWIFT3_OBJC_INFERENCE = Off;
				TARGETED_DEVICE_FAMILY = "1,2";
				VALIDATE_PRODUCT = YES;
			};
			name = Release;
		};
		555C91D11D0F0731003E84E3 /* Debug */ = {
			isa = XCBuildConfiguration;
			baseConfigurationReference = 1AFE8C0E5B5FC41FBA4B5EC2 /* Pods-IOTrace.debug.xcconfig */;
			buildSettings = {
				ASSETCATALOG_COMPILER_APPICON_NAME = AppIcon;
				DEVELOPMENT_TEAM = 5FMB4K7553;
				INFOPLIST_FILE = "$(SRCROOT)/IOTrace/Info.plist";
				IPHONEOS_DEPLOYMENT_TARGET = 11.4;
				LD_RUNPATH_SEARCH_PATHS = "$(inherited) @executable_path/Frameworks";
				PRODUCT_BUNDLE_IDENTIFIER = com.ibm.IOTrace;
				PRODUCT_NAME = IOTrace;
				SWIFT_VERSION = 4.2;
			};
			name = Debug;
		};
		555C91D21D0F0731003E84E3 /* Release */ = {
			isa = XCBuildConfiguration;
			baseConfigurationReference = D08B9A7496D4B743BDD8AACD /* Pods-IOTrace.release.xcconfig */;
			buildSettings = {
				ASSETCATALOG_COMPILER_APPICON_NAME = AppIcon;
				DEVELOPMENT_TEAM = 5FMB4K7553;
				INFOPLIST_FILE = "$(SRCROOT)/IOTrace/Info.plist";
				IPHONEOS_DEPLOYMENT_TARGET = 11.4;
				LD_RUNPATH_SEARCH_PATHS = "$(inherited) @executable_path/Frameworks";
				PRODUCT_BUNDLE_IDENTIFIER = com.ibm.IOTrace;
				PRODUCT_NAME = IOTrace;
				SWIFT_VERSION = 4.2;
			};
			name = Release;
		};
/* End XCBuildConfiguration section */

/* Begin XCConfigurationList section */
		555C91A31D0F0731003E84E3 /* Build configuration list for PBXProject "IOTrace" */ = {
			isa = XCConfigurationList;
			buildConfigurations = (
				555C91CE1D0F0731003E84E3 /* Debug */,
				555C91CF1D0F0731003E84E3 /* Release */,
			);
			defaultConfigurationIsVisible = 0;
			defaultConfigurationName = Release;
		};
		555C91D01D0F0731003E84E3 /* Build configuration list for PBXNativeTarget "IOTrace" */ = {
			isa = XCConfigurationList;
			buildConfigurations = (
				555C91D11D0F0731003E84E3 /* Debug */,
				555C91D21D0F0731003E84E3 /* Release */,
			);
			defaultConfigurationIsVisible = 0;
			defaultConfigurationName = Release;
		};
/* End XCConfigurationList section */
	};
	rootObject = 555C91A01D0F0731003E84E3 /* Project object */;
}
